
Microsoft Visual Studio Solution File, Format Version 12.00
# Visual Studio 14
VisualStudioVersion = 14.0.25420.1
MinimumVisualStudioVersion = 10.0.40219.1
Project("{FAE04EC0-301F-11D3-BF4B-00C04F79EFBC}") = "XamarinForms.NetStandard.Droid", "XamarinForms.NetStandard\XamarinForms.NetStandard.Droid\XamarinForms.NetStandard.Droid.csproj", "{FF65F12B-F5E9-4453-A58E-2B5B32E8590A}"
EndProject
Project("{FAE04EC0-301F-11D3-BF4B-00C04F79EFBC}") = "XamarinForms.NetStandard.iOS", "XamarinForms.NetStandard\XamarinForms.NetStandard.iOS\XamarinForms.NetStandard.iOS.csproj", "{8596350F-7C23-4C48-BBF2-F37881386CC9}"
EndProject
Project("{FAE04EC0-301F-11D3-BF4B-00C04F79EFBC}") = "XamarinForms.NetStandard.WinPhone", "XamarinForms.NetStandard\XamarinForms.NetStandard.WinPhone\XamarinForms.NetStandard.WinPhone.csproj", "{83D0C026-B0A6-485F-A57F-FE25339A210C}"
EndProject
Project("{FAE04EC0-301F-11D3-BF4B-00C04F79EFBC}") = "XamarinForms.NetStandard.UWP", "XamarinForms.NetStandard\XamarinForms.NetStandard.UWP\XamarinForms.NetStandard.UWP.csproj", "{0C80B2EB-37B2-4C00-9A5C-E9F2D4538FA7}"
EndProject
Project("{FAE04EC0-301F-11D3-BF4B-00C04F79EFBC}") = "XamarinForms.NetStandard.Windows", "XamarinForms.NetStandard\XamarinForms.NetStandard.Windows\XamarinForms.NetStandard.Windows.csproj", "{4A8A31AD-0818-4E44-8367-B762415BF22C}"
EndProject
Project("{FAE04EC0-301F-11D3-BF4B-00C04F79EFBC}") = "XamarinForms.NetStandard", "XamarinForms.NetStandard\XamarinForms.NetStandard\XamarinForms.NetStandard.csproj", "{FD2719F7-A5A5-4B9F-A4E9-71ABD30F7B74}"
EndProject
Project("{2150E333-8FDC-42A3-9474-1A3956D46DE8}") = "Solution Items", "Solution Items", "{92D75691-2663-4A27-9A73-BF6F79D6EA8D}"
	ProjectSection(SolutionItems) = preProject
		Readme.md = Readme.md
	EndProjectSection
EndProject
Global
	GlobalSection(SolutionConfigurationPlatforms) = preSolution
		Ad-Hoc|Any CPU = Ad-Hoc|Any CPU
		Ad-Hoc|ARM = Ad-Hoc|ARM
		Ad-Hoc|iPhone = Ad-Hoc|iPhone
		Ad-Hoc|iPhoneSimulator = Ad-Hoc|iPhoneSimulator
		Ad-Hoc|x64 = Ad-Hoc|x64
		Ad-Hoc|x86 = Ad-Hoc|x86
		AppStore|Any CPU = AppStore|Any CPU
		AppStore|ARM = AppStore|ARM
		AppStore|iPhone = AppStore|iPhone
		AppStore|iPhoneSimulator = AppStore|iPhoneSimulator
		AppStore|x64 = AppStore|x64
		AppStore|x86 = AppStore|x86
		Debug|Any CPU = Debug|Any CPU
		Debug|ARM = Debug|ARM
		Debug|iPhone = Debug|iPhone
		Debug|iPhoneSimulator = Debug|iPhoneSimulator
		Debug|x64 = Debug|x64
		Debug|x86 = Debug|x86
		Release|Any CPU = Release|Any CPU
		Release|ARM = Release|ARM
		Release|iPhone = Release|iPhone
		Release|iPhoneSimulator = Release|iPhoneSimulator
		Release|x64 = Release|x64
		Release|x86 = Release|x86
	EndGlobalSection
	GlobalSection(ProjectConfigurationPlatforms) = postSolution
		{FF65F12B-F5E9-4453-A58E-2B5B32E8590A}.Ad-Hoc|Any CPU.ActiveCfg = Release|Any CPU
		{FF65F12B-F5E9-4453-A58E-2B5B32E8590A}.Ad-Hoc|Any CPU.Build.0 = Release|Any CPU
		{FF65F12B-F5E9-4453-A58E-2B5B32E8590A}.Ad-Hoc|Any CPU.Deploy.0 = Release|Any CPU
		{FF65F12B-F5E9-4453-A58E-2B5B32E8590A}.Ad-Hoc|ARM.ActiveCfg = Release|Any CPU
		{FF65F12B-F5E9-4453-A58E-2B5B32E8590A}.Ad-Hoc|ARM.Build.0 = Release|Any CPU
		{FF65F12B-F5E9-4453-A58E-2B5B32E8590A}.Ad-Hoc|ARM.Deploy.0 = Release|Any CPU
		{FF65F12B-F5E9-4453-A58E-2B5B32E8590A}.Ad-Hoc|iPhone.ActiveCfg = Release|Any CPU
		{FF65F12B-F5E9-4453-A58E-2B5B32E8590A}.Ad-Hoc|iPhone.Build.0 = Release|Any CPU
		{FF65F12B-F5E9-4453-A58E-2B5B32E8590A}.Ad-Hoc|iPhone.Deploy.0 = Release|Any CPU
		{FF65F12B-F5E9-4453-A58E-2B5B32E8590A}.Ad-Hoc|iPhoneSimulator.ActiveCfg = Release|Any CPU
		{FF65F12B-F5E9-4453-A58E-2B5B32E8590A}.Ad-Hoc|iPhoneSimulator.Build.0 = Release|Any CPU
		{FF65F12B-F5E9-4453-A58E-2B5B32E8590A}.Ad-Hoc|iPhoneSimulator.Deploy.0 = Release|Any CPU
		{FF65F12B-F5E9-4453-A58E-2B5B32E8590A}.Ad-Hoc|x64.ActiveCfg = Release|Any CPU
		{FF65F12B-F5E9-4453-A58E-2B5B32E8590A}.Ad-Hoc|x64.Build.0 = Release|Any CPU
		{FF65F12B-F5E9-4453-A58E-2B5B32E8590A}.Ad-Hoc|x64.Deploy.0 = Release|Any CPU
		{FF65F12B-F5E9-4453-A58E-2B5B32E8590A}.Ad-Hoc|x86.ActiveCfg = Release|Any CPU
		{FF65F12B-F5E9-4453-A58E-2B5B32E8590A}.Ad-Hoc|x86.Build.0 = Release|Any CPU
		{FF65F12B-F5E9-4453-A58E-2B5B32E8590A}.Ad-Hoc|x86.Deploy.0 = Release|Any CPU
		{FF65F12B-F5E9-4453-A58E-2B5B32E8590A}.AppStore|Any CPU.ActiveCfg = Release|Any CPU
		{FF65F12B-F5E9-4453-A58E-2B5B32E8590A}.AppStore|Any CPU.Build.0 = Release|Any CPU
		{FF65F12B-F5E9-4453-A58E-2B5B32E8590A}.AppStore|Any CPU.Deploy.0 = Release|Any CPU
		{FF65F12B-F5E9-4453-A58E-2B5B32E8590A}.AppStore|ARM.ActiveCfg = Release|Any CPU
		{FF65F12B-F5E9-4453-A58E-2B5B32E8590A}.AppStore|ARM.Build.0 = Release|Any CPU
		{FF65F12B-F5E9-4453-A58E-2B5B32E8590A}.AppStore|ARM.Deploy.0 = Release|Any CPU
		{FF65F12B-F5E9-4453-A58E-2B5B32E8590A}.AppStore|iPhone.ActiveCfg = Release|Any CPU
		{FF65F12B-F5E9-4453-A58E-2B5B32E8590A}.AppStore|iPhone.Build.0 = Release|Any CPU
		{FF65F12B-F5E9-4453-A58E-2B5B32E8590A}.AppStore|iPhone.Deploy.0 = Release|Any CPU
		{FF65F12B-F5E9-4453-A58E-2B5B32E8590A}.AppStore|iPhoneSimulator.ActiveCfg = Release|Any CPU
		{FF65F12B-F5E9-4453-A58E-2B5B32E8590A}.AppStore|iPhoneSimulator.Build.0 = Release|Any CPU
		{FF65F12B-F5E9-4453-A58E-2B5B32E8590A}.AppStore|iPhoneSimulator.Deploy.0 = Release|Any CPU
		{FF65F12B-F5E9-4453-A58E-2B5B32E8590A}.AppStore|x64.ActiveCfg = Release|Any CPU
		{FF65F12B-F5E9-4453-A58E-2B5B32E8590A}.AppStore|x64.Build.0 = Release|Any CPU
		{FF65F12B-F5E9-4453-A58E-2B5B32E8590A}.AppStore|x64.Deploy.0 = Release|Any CPU
		{FF65F12B-F5E9-4453-A58E-2B5B32E8590A}.AppStore|x86.ActiveCfg = Release|Any CPU
		{FF65F12B-F5E9-4453-A58E-2B5B32E8590A}.AppStore|x86.Build.0 = Release|Any CPU
		{FF65F12B-F5E9-4453-A58E-2B5B32E8590A}.AppStore|x86.Deploy.0 = Release|Any CPU
		{FF65F12B-F5E9-4453-A58E-2B5B32E8590A}.Debug|Any CPU.ActiveCfg = Debug|Any CPU
		{FF65F12B-F5E9-4453-A58E-2B5B32E8590A}.Debug|Any CPU.Build.0 = Debug|Any CPU
		{FF65F12B-F5E9-4453-A58E-2B5B32E8590A}.Debug|Any CPU.Deploy.0 = Debug|Any CPU
		{FF65F12B-F5E9-4453-A58E-2B5B32E8590A}.Debug|ARM.ActiveCfg = Debug|Any CPU
		{FF65F12B-F5E9-4453-A58E-2B5B32E8590A}.Debug|ARM.Build.0 = Debug|Any CPU
		{FF65F12B-F5E9-4453-A58E-2B5B32E8590A}.Debug|ARM.Deploy.0 = Debug|Any CPU
		{FF65F12B-F5E9-4453-A58E-2B5B32E8590A}.Debug|iPhone.ActiveCfg = Debug|Any CPU
		{FF65F12B-F5E9-4453-A58E-2B5B32E8590A}.Debug|iPhone.Build.0 = Debug|Any CPU
		{FF65F12B-F5E9-4453-A58E-2B5B32E8590A}.Debug|iPhone.Deploy.0 = Debug|Any CPU
		{FF65F12B-F5E9-4453-A58E-2B5B32E8590A}.Debug|iPhoneSimulator.ActiveCfg = Debug|Any CPU
		{FF65F12B-F5E9-4453-A58E-2B5B32E8590A}.Debug|iPhoneSimulator.Build.0 = Debug|Any CPU
		{FF65F12B-F5E9-4453-A58E-2B5B32E8590A}.Debug|iPhoneSimulator.Deploy.0 = Debug|Any CPU
		{FF65F12B-F5E9-4453-A58E-2B5B32E8590A}.Debug|x64.ActiveCfg = Debug|Any CPU
		{FF65F12B-F5E9-4453-A58E-2B5B32E8590A}.Debug|x64.Build.0 = Debug|Any CPU
		{FF65F12B-F5E9-4453-A58E-2B5B32E8590A}.Debug|x64.Deploy.0 = Debug|Any CPU
		{FF65F12B-F5E9-4453-A58E-2B5B32E8590A}.Debug|x86.ActiveCfg = Debug|Any CPU
		{FF65F12B-F5E9-4453-A58E-2B5B32E8590A}.Debug|x86.Build.0 = Debug|Any CPU
		{FF65F12B-F5E9-4453-A58E-2B5B32E8590A}.Debug|x86.Deploy.0 = Debug|Any CPU
		{FF65F12B-F5E9-4453-A58E-2B5B32E8590A}.Release|Any CPU.ActiveCfg = Release|Any CPU
		{FF65F12B-F5E9-4453-A58E-2B5B32E8590A}.Release|Any CPU.Build.0 = Release|Any CPU
		{FF65F12B-F5E9-4453-A58E-2B5B32E8590A}.Release|Any CPU.Deploy.0 = Release|Any CPU
		{FF65F12B-F5E9-4453-A58E-2B5B32E8590A}.Release|ARM.ActiveCfg = Release|Any CPU
		{FF65F12B-F5E9-4453-A58E-2B5B32E8590A}.Release|ARM.Build.0 = Release|Any CPU
		{FF65F12B-F5E9-4453-A58E-2B5B32E8590A}.Release|ARM.Deploy.0 = Release|Any CPU
		{FF65F12B-F5E9-4453-A58E-2B5B32E8590A}.Release|iPhone.ActiveCfg = Release|Any CPU
		{FF65F12B-F5E9-4453-A58E-2B5B32E8590A}.Release|iPhone.Build.0 = Release|Any CPU
		{FF65F12B-F5E9-4453-A58E-2B5B32E8590A}.Release|iPhone.Deploy.0 = Release|Any CPU
		{FF65F12B-F5E9-4453-A58E-2B5B32E8590A}.Release|iPhoneSimulator.ActiveCfg = Release|Any CPU
		{FF65F12B-F5E9-4453-A58E-2B5B32E8590A}.Release|iPhoneSimulator.Build.0 = Release|Any CPU
		{FF65F12B-F5E9-4453-A58E-2B5B32E8590A}.Release|iPhoneSimulator.Deploy.0 = Release|Any CPU
		{FF65F12B-F5E9-4453-A58E-2B5B32E8590A}.Release|x64.ActiveCfg = Release|Any CPU
		{FF65F12B-F5E9-4453-A58E-2B5B32E8590A}.Release|x64.Build.0 = Release|Any CPU
		{FF65F12B-F5E9-4453-A58E-2B5B32E8590A}.Release|x64.Deploy.0 = Release|Any CPU
		{FF65F12B-F5E9-4453-A58E-2B5B32E8590A}.Release|x86.ActiveCfg = Release|Any CPU
		{FF65F12B-F5E9-4453-A58E-2B5B32E8590A}.Release|x86.Build.0 = Release|Any CPU
		{FF65F12B-F5E9-4453-A58E-2B5B32E8590A}.Release|x86.Deploy.0 = Release|Any CPU
		{8596350F-7C23-4C48-BBF2-F37881386CC9}.Ad-Hoc|Any CPU.ActiveCfg = Ad-Hoc|iPhone
		{8596350F-7C23-4C48-BBF2-F37881386CC9}.Ad-Hoc|ARM.ActiveCfg = Ad-Hoc|iPhone
		{8596350F-7C23-4C48-BBF2-F37881386CC9}.Ad-Hoc|iPhone.ActiveCfg = Ad-Hoc|iPhone
		{8596350F-7C23-4C48-BBF2-F37881386CC9}.Ad-Hoc|iPhone.Build.0 = Ad-Hoc|iPhone
		{8596350F-7C23-4C48-BBF2-F37881386CC9}.Ad-Hoc|iPhoneSimulator.ActiveCfg = Ad-Hoc|iPhoneSimulator
		{8596350F-7C23-4C48-BBF2-F37881386CC9}.Ad-Hoc|iPhoneSimulator.Build.0 = Ad-Hoc|iPhoneSimulator
		{8596350F-7C23-4C48-BBF2-F37881386CC9}.Ad-Hoc|x64.ActiveCfg = Ad-Hoc|iPhone
		{8596350F-7C23-4C48-BBF2-F37881386CC9}.Ad-Hoc|x86.ActiveCfg = Ad-Hoc|iPhone
		{8596350F-7C23-4C48-BBF2-F37881386CC9}.AppStore|Any CPU.ActiveCfg = AppStore|iPhone
		{8596350F-7C23-4C48-BBF2-F37881386CC9}.AppStore|ARM.ActiveCfg = AppStore|iPhone
		{8596350F-7C23-4C48-BBF2-F37881386CC9}.AppStore|iPhone.ActiveCfg = AppStore|iPhone
		{8596350F-7C23-4C48-BBF2-F37881386CC9}.AppStore|iPhone.Build.0 = AppStore|iPhone
		{8596350F-7C23-4C48-BBF2-F37881386CC9}.AppStore|iPhoneSimulator.ActiveCfg = AppStore|iPhoneSimulator
		{8596350F-7C23-4C48-BBF2-F37881386CC9}.AppStore|iPhoneSimulator.Build.0 = AppStore|iPhoneSimulator
		{8596350F-7C23-4C48-BBF2-F37881386CC9}.AppStore|x64.ActiveCfg = AppStore|iPhone
		{8596350F-7C23-4C48-BBF2-F37881386CC9}.AppStore|x86.ActiveCfg = AppStore|iPhone
		{8596350F-7C23-4C48-BBF2-F37881386CC9}.Debug|Any CPU.ActiveCfg = Debug|iPhone
		{8596350F-7C23-4C48-BBF2-F37881386CC9}.Debug|ARM.ActiveCfg = Debug|iPhone
		{8596350F-7C23-4C48-BBF2-F37881386CC9}.Debug|iPhone.ActiveCfg = Debug|iPhone
		{8596350F-7C23-4C48-BBF2-F37881386CC9}.Debug|iPhone.Build.0 = Debug|iPhone
		{8596350F-7C23-4C48-BBF2-F37881386CC9}.Debug|iPhoneSimulator.ActiveCfg = Debug|iPhoneSimulator
		{8596350F-7C23-4C48-BBF2-F37881386CC9}.Debug|iPhoneSimulator.Build.0 = Debug|iPhoneSimulator
		{8596350F-7C23-4C48-BBF2-F37881386CC9}.Debug|x64.ActiveCfg = Debug|iPhone
		{8596350F-7C23-4C48-BBF2-F37881386CC9}.Debug|x86.ActiveCfg = Debug|iPhone
		{8596350F-7C23-4C48-BBF2-F37881386CC9}.Release|Any CPU.ActiveCfg = Release|iPhone
		{8596350F-7C23-4C48-BBF2-F37881386CC9}.Release|ARM.ActiveCfg = Release|iPhone
		{8596350F-7C23-4C48-BBF2-F37881386CC9}.Release|iPhone.ActiveCfg = Release|iPhone
		{8596350F-7C23-4C48-BBF2-F37881386CC9}.Release|iPhone.Build.0 = Release|iPhone
		{8596350F-7C23-4C48-BBF2-F37881386CC9}.Release|iPhoneSimulator.ActiveCfg = Release|iPhoneSimulator
		{8596350F-7C23-4C48-BBF2-F37881386CC9}.Release|iPhoneSimulator.Build.0 = Release|iPhoneSimulator
		{8596350F-7C23-4C48-BBF2-F37881386CC9}.Release|x64.ActiveCfg = Release|iPhone
		{8596350F-7C23-4C48-BBF2-F37881386CC9}.Release|x86.ActiveCfg = Release|iPhone
		{83D0C026-B0A6-485F-A57F-FE25339A210C}.Ad-Hoc|Any CPU.ActiveCfg = Release|Any CPU
		{83D0C026-B0A6-485F-A57F-FE25339A210C}.Ad-Hoc|Any CPU.Build.0 = Release|Any CPU
		{83D0C026-B0A6-485F-A57F-FE25339A210C}.Ad-Hoc|Any CPU.Deploy.0 = Release|Any CPU
		{83D0C026-B0A6-485F-A57F-FE25339A210C}.Ad-Hoc|ARM.ActiveCfg = Release|ARM
		{83D0C026-B0A6-485F-A57F-FE25339A210C}.Ad-Hoc|ARM.Build.0 = Release|ARM
		{83D0C026-B0A6-485F-A57F-FE25339A210C}.Ad-Hoc|ARM.Deploy.0 = Release|ARM
		{83D0C026-B0A6-485F-A57F-FE25339A210C}.Ad-Hoc|iPhone.ActiveCfg = Release|Any CPU
		{83D0C026-B0A6-485F-A57F-FE25339A210C}.Ad-Hoc|iPhone.Build.0 = Release|Any CPU
		{83D0C026-B0A6-485F-A57F-FE25339A210C}.Ad-Hoc|iPhone.Deploy.0 = Release|Any CPU
		{83D0C026-B0A6-485F-A57F-FE25339A210C}.Ad-Hoc|iPhoneSimulator.ActiveCfg = Release|Any CPU
		{83D0C026-B0A6-485F-A57F-FE25339A210C}.Ad-Hoc|iPhoneSimulator.Build.0 = Release|Any CPU
		{83D0C026-B0A6-485F-A57F-FE25339A210C}.Ad-Hoc|iPhoneSimulator.Deploy.0 = Release|Any CPU
		{83D0C026-B0A6-485F-A57F-FE25339A210C}.Ad-Hoc|x64.ActiveCfg = Release|Any CPU
		{83D0C026-B0A6-485F-A57F-FE25339A210C}.Ad-Hoc|x64.Build.0 = Release|Any CPU
		{83D0C026-B0A6-485F-A57F-FE25339A210C}.Ad-Hoc|x64.Deploy.0 = Release|Any CPU
		{83D0C026-B0A6-485F-A57F-FE25339A210C}.Ad-Hoc|x86.ActiveCfg = Release|x86
		{83D0C026-B0A6-485F-A57F-FE25339A210C}.Ad-Hoc|x86.Build.0 = Release|x86
		{83D0C026-B0A6-485F-A57F-FE25339A210C}.Ad-Hoc|x86.Deploy.0 = Release|x86
		{83D0C026-B0A6-485F-A57F-FE25339A210C}.AppStore|Any CPU.ActiveCfg = Release|Any CPU
		{83D0C026-B0A6-485F-A57F-FE25339A210C}.AppStore|Any CPU.Build.0 = Release|Any CPU
		{83D0C026-B0A6-485F-A57F-FE25339A210C}.AppStore|Any CPU.Deploy.0 = Release|Any CPU
		{83D0C026-B0A6-485F-A57F-FE25339A210C}.AppStore|ARM.ActiveCfg = Release|ARM
		{83D0C026-B0A6-485F-A57F-FE25339A210C}.AppStore|ARM.Build.0 = Release|ARM
		{83D0C026-B0A6-485F-A57F-FE25339A210C}.AppStore|ARM.Deploy.0 = Release|ARM
		{83D0C026-B0A6-485F-A57F-FE25339A210C}.AppStore|iPhone.ActiveCfg = Release|Any CPU
		{83D0C026-B0A6-485F-A57F-FE25339A210C}.AppStore|iPhone.Build.0 = Release|Any CPU
		{83D0C026-B0A6-485F-A57F-FE25339A210C}.AppStore|iPhone.Deploy.0 = Release|Any CPU
		{83D0C026-B0A6-485F-A57F-FE25339A210C}.AppStore|iPhoneSimulator.ActiveCfg = Release|Any CPU
		{83D0C026-B0A6-485F-A57F-FE25339A210C}.AppStore|iPhoneSimulator.Build.0 = Release|Any CPU
		{83D0C026-B0A6-485F-A57F-FE25339A210C}.AppStore|iPhoneSimulator.Deploy.0 = Release|Any CPU
		{83D0C026-B0A6-485F-A57F-FE25339A210C}.AppStore|x64.ActiveCfg = Release|Any CPU
		{83D0C026-B0A6-485F-A57F-FE25339A210C}.AppStore|x64.Build.0 = Release|Any CPU
		{83D0C026-B0A6-485F-A57F-FE25339A210C}.AppStore|x64.Deploy.0 = Release|Any CPU
		{83D0C026-B0A6-485F-A57F-FE25339A210C}.AppStore|x86.ActiveCfg = Release|x86
		{83D0C026-B0A6-485F-A57F-FE25339A210C}.AppStore|x86.Build.0 = Release|x86
		{83D0C026-B0A6-485F-A57F-FE25339A210C}.AppStore|x86.Deploy.0 = Release|x86
		{83D0C026-B0A6-485F-A57F-FE25339A210C}.Debug|Any CPU.ActiveCfg = Debug|Any CPU
		{83D0C026-B0A6-485F-A57F-FE25339A210C}.Debug|Any CPU.Build.0 = Debug|Any CPU
		{83D0C026-B0A6-485F-A57F-FE25339A210C}.Debug|Any CPU.Deploy.0 = Debug|Any CPU
		{83D0C026-B0A6-485F-A57F-FE25339A210C}.Debug|ARM.ActiveCfg = Debug|ARM
		{83D0C026-B0A6-485F-A57F-FE25339A210C}.Debug|ARM.Build.0 = Debug|ARM
		{83D0C026-B0A6-485F-A57F-FE25339A210C}.Debug|ARM.Deploy.0 = Debug|ARM
		{83D0C026-B0A6-485F-A57F-FE25339A210C}.Debug|iPhone.ActiveCfg = Debug|Any CPU
		{83D0C026-B0A6-485F-A57F-FE25339A210C}.Debug|iPhone.Build.0 = Debug|Any CPU
		{83D0C026-B0A6-485F-A57F-FE25339A210C}.Debug|iPhone.Deploy.0 = Debug|Any CPU
		{83D0C026-B0A6-485F-A57F-FE25339A210C}.Debug|iPhoneSimulator.ActiveCfg = Debug|Any CPU
		{83D0C026-B0A6-485F-A57F-FE25339A210C}.Debug|iPhoneSimulator.Build.0 = Debug|Any CPU
		{83D0C026-B0A6-485F-A57F-FE25339A210C}.Debug|iPhoneSimulator.Deploy.0 = Debug|Any CPU
		{83D0C026-B0A6-485F-A57F-FE25339A210C}.Debug|x64.ActiveCfg = Debug|Any CPU
		{83D0C026-B0A6-485F-A57F-FE25339A210C}.Debug|x64.Build.0 = Debug|Any CPU
		{83D0C026-B0A6-485F-A57F-FE25339A210C}.Debug|x64.Deploy.0 = Debug|Any CPU
		{83D0C026-B0A6-485F-A57F-FE25339A210C}.Debug|x86.ActiveCfg = Debug|x86
		{83D0C026-B0A6-485F-A57F-FE25339A210C}.Debug|x86.Build.0 = Debug|x86
		{83D0C026-B0A6-485F-A57F-FE25339A210C}.Debug|x86.Deploy.0 = Debug|x86
		{83D0C026-B0A6-485F-A57F-FE25339A210C}.Release|Any CPU.ActiveCfg = Release|Any CPU
		{83D0C026-B0A6-485F-A57F-FE25339A210C}.Release|Any CPU.Build.0 = Release|Any CPU
		{83D0C026-B0A6-485F-A57F-FE25339A210C}.Release|Any CPU.Deploy.0 = Release|Any CPU
		{83D0C026-B0A6-485F-A57F-FE25339A210C}.Release|ARM.ActiveCfg = Release|ARM
		{83D0C026-B0A6-485F-A57F-FE25339A210C}.Release|ARM.Build.0 = Release|ARM
		{83D0C026-B0A6-485F-A57F-FE25339A210C}.Release|ARM.Deploy.0 = Release|ARM
		{83D0C026-B0A6-485F-A57F-FE25339A210C}.Release|iPhone.ActiveCfg = Release|Any CPU
		{83D0C026-B0A6-485F-A57F-FE25339A210C}.Release|iPhone.Build.0 = Release|Any CPU
		{83D0C026-B0A6-485F-A57F-FE25339A210C}.Release|iPhone.Deploy.0 = Release|Any CPU
		{83D0C026-B0A6-485F-A57F-FE25339A210C}.Release|iPhoneSimulator.ActiveCfg = Release|Any CPU
		{83D0C026-B0A6-485F-A57F-FE25339A210C}.Release|iPhoneSimulator.Build.0 = Release|Any CPU
		{83D0C026-B0A6-485F-A57F-FE25339A210C}.Release|iPhoneSimulator.Deploy.0 = Release|Any CPU
		{83D0C026-B0A6-485F-A57F-FE25339A210C}.Release|x64.ActiveCfg = Release|Any CPU
		{83D0C026-B0A6-485F-A57F-FE25339A210C}.Release|x64.Build.0 = Release|Any CPU
		{83D0C026-B0A6-485F-A57F-FE25339A210C}.Release|x64.Deploy.0 = Release|Any CPU
		{83D0C026-B0A6-485F-A57F-FE25339A210C}.Release|x86.ActiveCfg = Release|x86
		{83D0C026-B0A6-485F-A57F-FE25339A210C}.Release|x86.Build.0 = Release|x86
		{83D0C026-B0A6-485F-A57F-FE25339A210C}.Release|x86.Deploy.0 = Release|x86
		{0C80B2EB-37B2-4C00-9A5C-E9F2D4538FA7}.Ad-Hoc|Any CPU.ActiveCfg = Release|x86
		{0C80B2EB-37B2-4C00-9A5C-E9F2D4538FA7}.Ad-Hoc|Any CPU.Build.0 = Release|x86
		{0C80B2EB-37B2-4C00-9A5C-E9F2D4538FA7}.Ad-Hoc|Any CPU.Deploy.0 = Release|x86
		{0C80B2EB-37B2-4C00-9A5C-E9F2D4538FA7}.Ad-Hoc|ARM.ActiveCfg = Release|ARM
		{0C80B2EB-37B2-4C00-9A5C-E9F2D4538FA7}.Ad-Hoc|ARM.Build.0 = Release|ARM
		{0C80B2EB-37B2-4C00-9A5C-E9F2D4538FA7}.Ad-Hoc|ARM.Deploy.0 = Release|ARM
		{0C80B2EB-37B2-4C00-9A5C-E9F2D4538FA7}.Ad-Hoc|iPhone.ActiveCfg = Release|x86
		{0C80B2EB-37B2-4C00-9A5C-E9F2D4538FA7}.Ad-Hoc|iPhone.Build.0 = Release|x86
		{0C80B2EB-37B2-4C00-9A5C-E9F2D4538FA7}.Ad-Hoc|iPhone.Deploy.0 = Release|x86
		{0C80B2EB-37B2-4C00-9A5C-E9F2D4538FA7}.Ad-Hoc|iPhoneSimulator.ActiveCfg = Release|x86
		{0C80B2EB-37B2-4C00-9A5C-E9F2D4538FA7}.Ad-Hoc|iPhoneSimulator.Build.0 = Release|x86
		{0C80B2EB-37B2-4C00-9A5C-E9F2D4538FA7}.Ad-Hoc|iPhoneSimulator.Deploy.0 = Release|x86
		{0C80B2EB-37B2-4C00-9A5C-E9F2D4538FA7}.Ad-Hoc|x64.ActiveCfg = Release|x64
		{0C80B2EB-37B2-4C00-9A5C-E9F2D4538FA7}.Ad-Hoc|x64.Build.0 = Release|x64
		{0C80B2EB-37B2-4C00-9A5C-E9F2D4538FA7}.Ad-Hoc|x64.Deploy.0 = Release|x64
		{0C80B2EB-37B2-4C00-9A5C-E9F2D4538FA7}.Ad-Hoc|x86.ActiveCfg = Release|x86
		{0C80B2EB-37B2-4C00-9A5C-E9F2D4538FA7}.Ad-Hoc|x86.Build.0 = Release|x86
		{0C80B2EB-37B2-4C00-9A5C-E9F2D4538FA7}.Ad-Hoc|x86.Deploy.0 = Release|x86
		{0C80B2EB-37B2-4C00-9A5C-E9F2D4538FA7}.AppStore|Any CPU.ActiveCfg = Release|x86
		{0C80B2EB-37B2-4C00-9A5C-E9F2D4538FA7}.AppStore|Any CPU.Build.0 = Release|x86
		{0C80B2EB-37B2-4C00-9A5C-E9F2D4538FA7}.AppStore|Any CPU.Deploy.0 = Release|x86
		{0C80B2EB-37B2-4C00-9A5C-E9F2D4538FA7}.AppStore|ARM.ActiveCfg = Release|ARM
		{0C80B2EB-37B2-4C00-9A5C-E9F2D4538FA7}.AppStore|ARM.Build.0 = Release|ARM
		{0C80B2EB-37B2-4C00-9A5C-E9F2D4538FA7}.AppStore|ARM.Deploy.0 = Release|ARM
		{0C80B2EB-37B2-4C00-9A5C-E9F2D4538FA7}.AppStore|iPhone.ActiveCfg = Release|x86
		{0C80B2EB-37B2-4C00-9A5C-E9F2D4538FA7}.AppStore|iPhone.Build.0 = Release|x86
		{0C80B2EB-37B2-4C00-9A5C-E9F2D4538FA7}.AppStore|iPhone.Deploy.0 = Release|x86
		{0C80B2EB-37B2-4C00-9A5C-E9F2D4538FA7}.AppStore|iPhoneSimulator.ActiveCfg = Release|x86
		{0C80B2EB-37B2-4C00-9A5C-E9F2D4538FA7}.AppStore|iPhoneSimulator.Build.0 = Release|x86
		{0C80B2EB-37B2-4C00-9A5C-E9F2D4538FA7}.AppStore|iPhoneSimulator.Deploy.0 = Release|x86
		{0C80B2EB-37B2-4C00-9A5C-E9F2D4538FA7}.AppStore|x64.ActiveCfg = Release|x64
		{0C80B2EB-37B2-4C00-9A5C-E9F2D4538FA7}.AppStore|x64.Build.0 = Release|x64
		{0C80B2EB-37B2-4C00-9A5C-E9F2D4538FA7}.AppStore|x64.Deploy.0 = Release|x64
		{0C80B2EB-37B2-4C00-9A5C-E9F2D4538FA7}.AppStore|x86.ActiveCfg = Release|x86
		{0C80B2EB-37B2-4C00-9A5C-E9F2D4538FA7}.AppStore|x86.Build.0 = Release|x86
		{0C80B2EB-37B2-4C00-9A5C-E9F2D4538FA7}.AppStore|x86.Deploy.0 = Release|x86
		{0C80B2EB-37B2-4C00-9A5C-E9F2D4538FA7}.Debug|Any CPU.ActiveCfg = Debug|x86
		{0C80B2EB-37B2-4C00-9A5C-E9F2D4538FA7}.Debug|Any CPU.Deploy.0 = Debug|x86
		{0C80B2EB-37B2-4C00-9A5C-E9F2D4538FA7}.Debug|ARM.ActiveCfg = Debug|ARM
		{0C80B2EB-37B2-4C00-9A5C-E9F2D4538FA7}.Debug|ARM.Build.0 = Debug|ARM
		{0C80B2EB-37B2-4C00-9A5C-E9F2D4538FA7}.Debug|ARM.Deploy.0 = Debug|ARM
		{0C80B2EB-37B2-4C00-9A5C-E9F2D4538FA7}.Debug|iPhone.ActiveCfg = Debug|x86
		{0C80B2EB-37B2-4C00-9A5C-E9F2D4538FA7}.Debug|iPhoneSimulator.ActiveCfg = Debug|x86
		{0C80B2EB-37B2-4C00-9A5C-E9F2D4538FA7}.Debug|x64.ActiveCfg = Debug|x64
		{0C80B2EB-37B2-4C00-9A5C-E9F2D4538FA7}.Debug|x64.Build.0 = Debug|x64
		{0C80B2EB-37B2-4C00-9A5C-E9F2D4538FA7}.Debug|x64.Deploy.0 = Debug|x64
		{0C80B2EB-37B2-4C00-9A5C-E9F2D4538FA7}.Debug|x86.ActiveCfg = Debug|x86
		{0C80B2EB-37B2-4C00-9A5C-E9F2D4538FA7}.Debug|x86.Build.0 = Debug|x86
		{0C80B2EB-37B2-4C00-9A5C-E9F2D4538FA7}.Debug|x86.Deploy.0 = Debug|x86
		{0C80B2EB-37B2-4C00-9A5C-E9F2D4538FA7}.Release|Any CPU.ActiveCfg = Release|x86
		{0C80B2EB-37B2-4C00-9A5C-E9F2D4538FA7}.Release|ARM.ActiveCfg = Release|ARM
		{0C80B2EB-37B2-4C00-9A5C-E9F2D4538FA7}.Release|ARM.Build.0 = Release|ARM
		{0C80B2EB-37B2-4C00-9A5C-E9F2D4538FA7}.Release|ARM.Deploy.0 = Release|ARM
		{0C80B2EB-37B2-4C00-9A5C-E9F2D4538FA7}.Release|iPhone.ActiveCfg = Release|x86
		{0C80B2EB-37B2-4C00-9A5C-E9F2D4538FA7}.Release|iPhoneSimulator.ActiveCfg = Release|x86
		{0C80B2EB-37B2-4C00-9A5C-E9F2D4538FA7}.Release|x64.ActiveCfg = Release|x64
		{0C80B2EB-37B2-4C00-9A5C-E9F2D4538FA7}.Release|x64.Build.0 = Release|x64
		{0C80B2EB-37B2-4C00-9A5C-E9F2D4538FA7}.Release|x64.Deploy.0 = Release|x64
		{0C80B2EB-37B2-4C00-9A5C-E9F2D4538FA7}.Release|x86.ActiveCfg = Release|x86
		{0C80B2EB-37B2-4C00-9A5C-E9F2D4538FA7}.Release|x86.Build.0 = Release|x86
		{0C80B2EB-37B2-4C00-9A5C-E9F2D4538FA7}.Release|x86.Deploy.0 = Release|x86
		{4A8A31AD-0818-4E44-8367-B762415BF22C}.Ad-Hoc|Any CPU.ActiveCfg = Release|Any CPU
		{4A8A31AD-0818-4E44-8367-B762415BF22C}.Ad-Hoc|Any CPU.Build.0 = Release|Any CPU
		{4A8A31AD-0818-4E44-8367-B762415BF22C}.Ad-Hoc|Any CPU.Deploy.0 = Release|Any CPU
		{4A8A31AD-0818-4E44-8367-B762415BF22C}.Ad-Hoc|ARM.ActiveCfg = Release|ARM
		{4A8A31AD-0818-4E44-8367-B762415BF22C}.Ad-Hoc|ARM.Build.0 = Release|ARM
		{4A8A31AD-0818-4E44-8367-B762415BF22C}.Ad-Hoc|ARM.Deploy.0 = Release|ARM
		{4A8A31AD-0818-4E44-8367-B762415BF22C}.Ad-Hoc|iPhone.ActiveCfg = Release|Any CPU
		{4A8A31AD-0818-4E44-8367-B762415BF22C}.Ad-Hoc|iPhone.Build.0 = Release|Any CPU
		{4A8A31AD-0818-4E44-8367-B762415BF22C}.Ad-Hoc|iPhone.Deploy.0 = Release|Any CPU
		{4A8A31AD-0818-4E44-8367-B762415BF22C}.Ad-Hoc|iPhoneSimulator.ActiveCfg = Release|Any CPU
		{4A8A31AD-0818-4E44-8367-B762415BF22C}.Ad-Hoc|iPhoneSimulator.Build.0 = Release|Any CPU
		{4A8A31AD-0818-4E44-8367-B762415BF22C}.Ad-Hoc|iPhoneSimulator.Deploy.0 = Release|Any CPU
		{4A8A31AD-0818-4E44-8367-B762415BF22C}.Ad-Hoc|x64.ActiveCfg = Release|x64
		{4A8A31AD-0818-4E44-8367-B762415BF22C}.Ad-Hoc|x64.Build.0 = Release|x64
		{4A8A31AD-0818-4E44-8367-B762415BF22C}.Ad-Hoc|x64.Deploy.0 = Release|x64
		{4A8A31AD-0818-4E44-8367-B762415BF22C}.Ad-Hoc|x86.ActiveCfg = Release|x86
		{4A8A31AD-0818-4E44-8367-B762415BF22C}.Ad-Hoc|x86.Build.0 = Release|x86
		{4A8A31AD-0818-4E44-8367-B762415BF22C}.Ad-Hoc|x86.Deploy.0 = Release|x86
		{4A8A31AD-0818-4E44-8367-B762415BF22C}.AppStore|Any CPU.ActiveCfg = Release|Any CPU
		{4A8A31AD-0818-4E44-8367-B762415BF22C}.AppStore|Any CPU.Build.0 = Release|Any CPU
		{4A8A31AD-0818-4E44-8367-B762415BF22C}.AppStore|Any CPU.Deploy.0 = Release|Any CPU
		{4A8A31AD-0818-4E44-8367-B762415BF22C}.AppStore|ARM.ActiveCfg = Release|ARM
		{4A8A31AD-0818-4E44-8367-B762415BF22C}.AppStore|ARM.Build.0 = Release|ARM
		{4A8A31AD-0818-4E44-8367-B762415BF22C}.AppStore|ARM.Deploy.0 = Release|ARM
		{4A8A31AD-0818-4E44-8367-B762415BF22C}.AppStore|iPhone.ActiveCfg = Release|Any CPU
		{4A8A31AD-0818-4E44-8367-B762415BF22C}.AppStore|iPhone.Build.0 = Release|Any CPU
		{4A8A31AD-0818-4E44-8367-B762415BF22C}.AppStore|iPhone.Deploy.0 = Release|Any CPU
		{4A8A31AD-0818-4E44-8367-B762415BF22C}.AppStore|iPhoneSimulator.ActiveCfg = Release|Any CPU
		{4A8A31AD-0818-4E44-8367-B762415BF22C}.AppStore|iPhoneSimulator.Build.0 = Release|Any CPU
		{4A8A31AD-0818-4E44-8367-B762415BF22C}.AppStore|iPhoneSimulator.Deploy.0 = Release|Any CPU
		{4A8A31AD-0818-4E44-8367-B762415BF22C}.AppStore|x64.ActiveCfg = Release|x64
		{4A8A31AD-0818-4E44-8367-B762415BF22C}.AppStore|x64.Build.0 = Release|x64
		{4A8A31AD-0818-4E44-8367-B762415BF22C}.AppStore|x64.Deploy.0 = Release|x64
		{4A8A31AD-0818-4E44-8367-B762415BF22C}.AppStore|x86.ActiveCfg = Release|x86
		{4A8A31AD-0818-4E44-8367-B762415BF22C}.AppStore|x86.Build.0 = Release|x86
		{4A8A31AD-0818-4E44-8367-B762415BF22C}.AppStore|x86.Deploy.0 = Release|x86
		{4A8A31AD-0818-4E44-8367-B762415BF22C}.Debug|Any CPU.ActiveCfg = Debug|Any CPU
		{4A8A31AD-0818-4E44-8367-B762415BF22C}.Debug|Any CPU.Build.0 = Debug|Any CPU
		{4A8A31AD-0818-4E44-8367-B762415BF22C}.Debug|Any CPU.Deploy.0 = Debug|Any CPU
		{4A8A31AD-0818-4E44-8367-B762415BF22C}.Debug|ARM.ActiveCfg = Debug|ARM
		{4A8A31AD-0818-4E44-8367-B762415BF22C}.Debug|ARM.Build.0 = Debug|ARM
		{4A8A31AD-0818-4E44-8367-B762415BF22C}.Debug|ARM.Deploy.0 = Debug|ARM
		{4A8A31AD-0818-4E44-8367-B762415BF22C}.Debug|iPhone.ActiveCfg = Debug|Any CPU
		{4A8A31AD-0818-4E44-8367-B762415BF22C}.Debug|iPhone.Build.0 = Debug|Any CPU
		{4A8A31AD-0818-4E44-8367-B762415BF22C}.Debug|iPhone.Deploy.0 = Debug|Any CPU
		{4A8A31AD-0818-4E44-8367-B762415BF22C}.Debug|iPhoneSimulator.ActiveCfg = Debug|Any CPU
		{4A8A31AD-0818-4E44-8367-B762415BF22C}.Debug|iPhoneSimulator.Build.0 = Debug|Any CPU
		{4A8A31AD-0818-4E44-8367-B762415BF22C}.Debug|iPhoneSimulator.Deploy.0 = Debug|Any CPU
		{4A8A31AD-0818-4E44-8367-B762415BF22C}.Debug|x64.ActiveCfg = Debug|x64
		{4A8A31AD-0818-4E44-8367-B762415BF22C}.Debug|x64.Build.0 = Debug|x64
		{4A8A31AD-0818-4E44-8367-B762415BF22C}.Debug|x64.Deploy.0 = Debug|x64
		{4A8A31AD-0818-4E44-8367-B762415BF22C}.Debug|x86.ActiveCfg = Debug|x86
		{4A8A31AD-0818-4E44-8367-B762415BF22C}.Debug|x86.Build.0 = Debug|x86
		{4A8A31AD-0818-4E44-8367-B762415BF22C}.Debug|x86.Deploy.0 = Debug|x86
		{4A8A31AD-0818-4E44-8367-B762415BF22C}.Release|Any CPU.ActiveCfg = Release|Any CPU
		{4A8A31AD-0818-4E44-8367-B762415BF22C}.Release|Any CPU.Build.0 = Release|Any CPU
		{4A8A31AD-0818-4E44-8367-B762415BF22C}.Release|Any CPU.Deploy.0 = Release|Any CPU
		{4A8A31AD-0818-4E44-8367-B762415BF22C}.Release|ARM.ActiveCfg = Release|ARM
		{4A8A31AD-0818-4E44-8367-B762415BF22C}.Release|ARM.Build.0 = Release|ARM
		{4A8A31AD-0818-4E44-8367-B762415BF22C}.Release|ARM.Deploy.0 = Release|ARM
		{4A8A31AD-0818-4E44-8367-B762415BF22C}.Release|iPhone.ActiveCfg = Release|Any CPU
		{4A8A31AD-0818-4E44-8367-B762415BF22C}.Release|iPhone.Build.0 = Release|Any CPU
		{4A8A31AD-0818-4E44-8367-B762415BF22C}.Release|iPhone.Deploy.0 = Release|Any CPU
		{4A8A31AD-0818-4E44-8367-B762415BF22C}.Release|iPhoneSimulator.ActiveCfg = Release|Any CPU
		{4A8A31AD-0818-4E44-8367-B762415BF22C}.Release|iPhoneSimulator.Build.0 = Release|Any CPU
		{4A8A31AD-0818-4E44-8367-B762415BF22C}.Release|iPhoneSimulator.Deploy.0 = Release|Any CPU
		{4A8A31AD-0818-4E44-8367-B762415BF22C}.Release|x64.ActiveCfg = Release|x64
		{4A8A31AD-0818-4E44-8367-B762415BF22C}.Release|x64.Build.0 = Release|x64
		{4A8A31AD-0818-4E44-8367-B762415BF22C}.Release|x64.Deploy.0 = Release|x64
		{4A8A31AD-0818-4E44-8367-B762415BF22C}.Release|x86.ActiveCfg = Release|x86
		{4A8A31AD-0818-4E44-8367-B762415BF22C}.Release|x86.Build.0 = Release|x86
		{4A8A31AD-0818-4E44-8367-B762415BF22C}.Release|x86.Deploy.0 = Release|x86
		{FD2719F7-A5A5-4B9F-A4E9-71ABD30F7B74}.Ad-Hoc|Any CPU.ActiveCfg = Release|Any CPU
		{FD2719F7-A5A5-4B9F-A4E9-71ABD30F7B74}.Ad-Hoc|Any CPU.Build.0 = Release|Any CPU
		{FD2719F7-A5A5-4B9F-A4E9-71ABD30F7B74}.Ad-Hoc|ARM.ActiveCfg = Release|Any CPU
		{FD2719F7-A5A5-4B9F-A4E9-71ABD30F7B74}.Ad-Hoc|ARM.Build.0 = Release|Any CPU
		{FD2719F7-A5A5-4B9F-A4E9-71ABD30F7B74}.Ad-Hoc|iPhone.ActiveCfg = Release|Any CPU
		{FD2719F7-A5A5-4B9F-A4E9-71ABD30F7B74}.Ad-Hoc|iPhone.Build.0 = Release|Any CPU
		{FD2719F7-A5A5-4B9F-A4E9-71ABD30F7B74}.Ad-Hoc|iPhoneSimulator.ActiveCfg = Release|Any CPU
		{FD2719F7-A5A5-4B9F-A4E9-71ABD30F7B74}.Ad-Hoc|iPhoneSimulator.Build.0 = Release|Any CPU
		{FD2719F7-A5A5-4B9F-A4E9-71ABD30F7B74}.Ad-Hoc|x64.ActiveCfg = Release|Any CPU
		{FD2719F7-A5A5-4B9F-A4E9-71ABD30F7B74}.Ad-Hoc|x64.Build.0 = Release|Any CPU
		{FD2719F7-A5A5-4B9F-A4E9-71ABD30F7B74}.Ad-Hoc|x86.ActiveCfg = Release|Any CPU
		{FD2719F7-A5A5-4B9F-A4E9-71ABD30F7B74}.Ad-Hoc|x86.Build.0 = Release|Any CPU
		{FD2719F7-A5A5-4B9F-A4E9-71ABD30F7B74}.AppStore|Any CPU.ActiveCfg = Release|Any CPU
		{FD2719F7-A5A5-4B9F-A4E9-71ABD30F7B74}.AppStore|Any CPU.Build.0 = Release|Any CPU
		{FD2719F7-A5A5-4B9F-A4E9-71ABD30F7B74}.AppStore|ARM.ActiveCfg = Release|Any CPU
		{FD2719F7-A5A5-4B9F-A4E9-71ABD30F7B74}.AppStore|ARM.Build.0 = Release|Any CPU
		{FD2719F7-A5A5-4B9F-A4E9-71ABD30F7B74}.AppStore|iPhone.ActiveCfg = Release|Any CPU
		{FD2719F7-A5A5-4B9F-A4E9-71ABD30F7B74}.AppStore|iPhone.Build.0 = Release|Any CPU
		{FD2719F7-A5A5-4B9F-A4E9-71ABD30F7B74}.AppStore|iPhoneSimulator.ActiveCfg = Release|Any CPU
		{FD2719F7-A5A5-4B9F-A4E9-71ABD30F7B74}.AppStore|iPhoneSimulator.Build.0 = Release|Any CPU
		{FD2719F7-A5A5-4B9F-A4E9-71ABD30F7B74}.AppStore|x64.ActiveCfg = Release|Any CPU
		{FD2719F7-A5A5-4B9F-A4E9-71ABD30F7B74}.AppStore|x64.Build.0 = Release|Any CPU
		{FD2719F7-A5A5-4B9F-A4E9-71ABD30F7B74}.AppStore|x86.ActiveCfg = Release|Any CPU
		{FD2719F7-A5A5-4B9F-A4E9-71ABD30F7B74}.AppStore|x86.Build.0 = Release|Any CPU
		{FD2719F7-A5A5-4B9F-A4E9-71ABD30F7B74}.Debug|Any CPU.ActiveCfg = Debug|Any CPU
		{FD2719F7-A5A5-4B9F-A4E9-71ABD30F7B74}.Debug|Any CPU.Build.0 = Debug|Any CPU
		{FD2719F7-A5A5-4B9F-A4E9-71ABD30F7B74}.Debug|ARM.ActiveCfg = Debug|Any CPU
		{FD2719F7-A5A5-4B9F-A4E9-71ABD30F7B74}.Debug|ARM.Build.0 = Debug|Any CPU
		{FD2719F7-A5A5-4B9F-A4E9-71ABD30F7B74}.Debug|iPhone.ActiveCfg = Debug|Any CPU
		{FD2719F7-A5A5-4B9F-A4E9-71ABD30F7B74}.Debug|iPhone.Build.0 = Debug|Any CPU
		{FD2719F7-A5A5-4B9F-A4E9-71ABD30F7B74}.Debug|iPhoneSimulator.ActiveCfg = Debug|Any CPU
		{FD2719F7-A5A5-4B9F-A4E9-71ABD30F7B74}.Debug|iPhoneSimulator.Build.0 = Debug|Any CPU
		{FD2719F7-A5A5-4B9F-A4E9-71ABD30F7B74}.Debug|x64.ActiveCfg = Debug|Any CPU
		{FD2719F7-A5A5-4B9F-A4E9-71ABD30F7B74}.Debug|x64.Build.0 = Debug|Any CPU
		{FD2719F7-A5A5-4B9F-A4E9-71ABD30F7B74}.Debug|x86.ActiveCfg = Debug|Any CPU
		{FD2719F7-A5A5-4B9F-A4E9-71ABD30F7B74}.Debug|x86.Build.0 = Debug|Any CPU
		{FD2719F7-A5A5-4B9F-A4E9-71ABD30F7B74}.Release|Any CPU.ActiveCfg = Release|Any CPU
		{FD2719F7-A5A5-4B9F-A4E9-71ABD30F7B74}.Release|Any CPU.Build.0 = Release|Any CPU
		{FD2719F7-A5A5-4B9F-A4E9-71ABD30F7B74}.Release|ARM.ActiveCfg = Release|Any CPU
		{FD2719F7-A5A5-4B9F-A4E9-71ABD30F7B74}.Release|ARM.Build.0 = Release|Any CPU
		{FD2719F7-A5A5-4B9F-A4E9-71ABD30F7B74}.Release|iPhone.ActiveCfg = Release|Any CPU
		{FD2719F7-A5A5-4B9F-A4E9-71ABD30F7B74}.Release|iPhone.Build.0 = Release|Any CPU
		{FD2719F7-A5A5-4B9F-A4E9-71ABD30F7B74}.Release|iPhoneSimulator.ActiveCfg = Release|Any CPU
		{FD2719F7-A5A5-4B9F-A4E9-71ABD30F7B74}.Release|iPhoneSimulator.Build.0 = Release|Any CPU
		{FD2719F7-A5A5-4B9F-A4E9-71ABD30F7B74}.Release|x64.ActiveCfg = Release|Any CPU
		{FD2719F7-A5A5-4B9F-A4E9-71ABD30F7B74}.Release|x64.Build.0 = Release|Any CPU
		{FD2719F7-A5A5-4B9F-A4E9-71ABD30F7B74}.Release|x86.ActiveCfg = Release|Any CPU
		{FD2719F7-A5A5-4B9F-A4E9-71ABD30F7B74}.Release|x86.Build.0 = Release|Any CPU
	EndGlobalSection
	GlobalSection(SolutionProperties) = preSolution
		HideSolutionNode = FALSE
	EndGlobalSection
EndGlobal
